# @generated by Move, please check-in and do not edit manually.

[move]
version = 3
manifest_digest = "2C78A4F09ADFE921F5724E449C451FABFEC501543CAF72D23A03D57D4AC01560"
deps_digest = "F8BBB0CCB2491CA29A3DF03D6F92277A4F3574266507ACD77214D37ECA3F3082"
dependencies = [
  { id = "Sui", name = "Sui" },
]

[[move.package]]
id = "MoveStdlib"
source = { git = "https://github.com/MystenLabs/sui.git", rev = "framework/testnet", subdir = "crates\\sui-framework\\packages\\move-stdlib" }

[[move.package]]
id = "Sui"
source = { git = "https://github.com/MystenLabs/sui.git", rev = "framework/testnet", subdir = "crates/sui-framework/packages/sui-framework" }

dependencies = [
  { id = "MoveStdlib", name = "MoveStdlib" },
]

[move.toolchain-version]
compiler-version = "1.37.1"
edition = "2024.beta"
flavor = "sui"

[env]

[env.testnet]
chain-id = "4c78adac"
original-published-id = "0xa64595286d177a7d8d091bec7e0bbdc33f3dfaf127b703da184e2f8389dbde33"
latest-published-id = "0xa64595286d177a7d8d091bec7e0bbdc33f3dfaf127b703da184e2f8389dbde33"
published-version = "1"
